
Microsoft Visual Studio Solution File, Format Version 12.00
# Visual Studio 2015
Project("{FAE04EC0-301F-11D3-BF4B-00C04F79EFBC}") = "Jurassic park.CSharp.Plugins", "Jurassic park.CSharp.Plugins.csproj", "{47FBAFA2-FD61-2083-BCC8-723F26B66310}"
EndProject
Project("{FAE04EC0-301F-11D3-BF4B-00C04F79EFBC}") = "Jurassic park.CSharp", "Jurassic park.CSharp.csproj", "{CD74AF3F-F044-95C8-BF60-A0462E24CDAB}"
EndProject
Project("{FAE04EC0-301F-11D3-BF4B-00C04F79EFBC}") = "Jurassic park.CSharp.Editor", "Jurassic park.CSharp.Editor.csproj", "{3BDFCA86-70A9-602F-C321-6375C1649D52}"
EndProject
Global
	GlobalSection(SolutionConfigurationPlatforms) = preSolution
		Debug|Any CPU = Debug|Any CPU
		Release|Any CPU = Release|Any CPU
	EndGlobalSection
	GlobalSection(ProjectConfigurationPlatforms) = postSolution
		{47FBAFA2-FD61-2083-BCC8-723F26B66310}.Debug|Any CPU.ActiveCfg = Debug|Any CPU
		{47FBAFA2-FD61-2083-BCC8-723F26B66310}.Debug|Any CPU.Build.0 = Debug|Any CPU
		{47FBAFA2-FD61-2083-BCC8-723F26B66310}.Release|Any CPU.ActiveCfg = Release|Any CPU
		{47FBAFA2-FD61-2083-BCC8-723F26B66310}.Release|Any CPU.Build.0 = Release|Any CPU
		{CD74AF3F-F044-95C8-BF60-A0462E24CDAB}.Debug|Any CPU.ActiveCfg = Debug|Any CPU
		{CD74AF3F-F044-95C8-BF60-A0462E24CDAB}.Debug|Any CPU.Build.0 = Debug|Any CPU
		{CD74AF3F-F044-95C8-BF60-A0462E24CDAB}.Release|Any CPU.ActiveCfg = Release|Any CPU
		{CD74AF3F-F044-95C8-BF60-A0462E24CDAB}.Release|Any CPU.Build.0 = Release|Any CPU
		{3BDFCA86-70A9-602F-C321-6375C1649D52}.Debug|Any CPU.ActiveCfg = Debug|Any CPU
		{3BDFCA86-70A9-602F-C321-6375C1649D52}.Debug|Any CPU.Build.0 = Debug|Any CPU
		{3BDFCA86-70A9-602F-C321-6375C1649D52}.Release|Any CPU.ActiveCfg = Release|Any CPU
		{3BDFCA86-70A9-602F-C321-6375C1649D52}.Release|Any CPU.Build.0 = Release|Any CPU
	EndGlobalSection
	GlobalSection(SolutionProperties) = preSolution
		HideSolutionNode = FALSE
	EndGlobalSection
EndGlobal
